
Microsoft Visual Studio Solution File, Format Version 12.00
# Visual Studio 15
VisualStudioVersion = 15.0.27004.2010
MinimumVisualStudioVersion = 10.0.40219.1
Project("{FAE04EC0-301F-11D3-BF4B-00C04F79EFBC}") = "App02.Android", "App02\App02.Android\App02.Android.csproj", "{B16FC68E-AA71-491F-A1AD-7DB72851B9A6}"
EndProject
Project("{FAE04EC0-301F-11D3-BF4B-00C04F79EFBC}") = "App02", "App02\App02\App02.csproj", "{8B58EFE6-1DDD-4BBF-894F-5EA060975070}"
EndProject
Project("{FAE04EC0-301F-11D3-BF4B-00C04F79EFBC}") = "App02.iOS", "App02\App02.iOS\App02.iOS.csproj", "{5363748B-2DB8-45D3-8063-08A2121984B6}"
EndProject
Global
	GlobalSection(SolutionConfigurationPlatforms) = preSolution
		Ad-Hoc|Any CPU = Ad-Hoc|Any CPU
		Ad-Hoc|iPhone = Ad-Hoc|iPhone
		Ad-Hoc|iPhoneSimulator = Ad-Hoc|iPhoneSimulator
		AppStore|Any CPU = AppStore|Any CPU
		AppStore|iPhone = AppStore|iPhone
		AppStore|iPhoneSimulator = AppStore|iPhoneSimulator
		Debug|Any CPU = Debug|Any CPU
		Debug|iPhone = Debug|iPhone
		Debug|iPhoneSimulator = Debug|iPhoneSimulator
		Release|Any CPU = Release|Any CPU
		Release|iPhone = Release|iPhone
		Release|iPhoneSimulator = Release|iPhoneSimulator
	EndGlobalSection
	GlobalSection(ProjectConfigurationPlatforms) = postSolution
		{B16FC68E-AA71-491F-A1AD-7DB72851B9A6}.Ad-Hoc|Any CPU.ActiveCfg = Release|Any CPU
		{B16FC68E-AA71-491F-A1AD-7DB72851B9A6}.Ad-Hoc|Any CPU.Build.0 = Release|Any CPU
		{B16FC68E-AA71-491F-A1AD-7DB72851B9A6}.Ad-Hoc|Any CPU.Deploy.0 = Release|Any CPU
		{B16FC68E-AA71-491F-A1AD-7DB72851B9A6}.Ad-Hoc|iPhone.ActiveCfg = Release|Any CPU
		{B16FC68E-AA71-491F-A1AD-7DB72851B9A6}.Ad-Hoc|iPhone.Build.0 = Release|Any CPU
		{B16FC68E-AA71-491F-A1AD-7DB72851B9A6}.Ad-Hoc|iPhone.Deploy.0 = Release|Any CPU
		{B16FC68E-AA71-491F-A1AD-7DB72851B9A6}.Ad-Hoc|iPhoneSimulator.ActiveCfg = Release|Any CPU
		{B16FC68E-AA71-491F-A1AD-7DB72851B9A6}.Ad-Hoc|iPhoneSimulator.Build.0 = Release|Any CPU
		{B16FC68E-AA71-491F-A1AD-7DB72851B9A6}.Ad-Hoc|iPhoneSimulator.Deploy.0 = Release|Any CPU
		{B16FC68E-AA71-491F-A1AD-7DB72851B9A6}.AppStore|Any CPU.ActiveCfg = Release|Any CPU
		{B16FC68E-AA71-491F-A1AD-7DB72851B9A6}.AppStore|Any CPU.Build.0 = Release|Any CPU
		{B16FC68E-AA71-491F-A1AD-7DB72851B9A6}.AppStore|Any CPU.Deploy.0 = Release|Any CPU
		{B16FC68E-AA71-491F-A1AD-7DB72851B9A6}.AppStore|iPhone.ActiveCfg = Release|Any CPU
		{B16FC68E-AA71-491F-A1AD-7DB72851B9A6}.AppStore|iPhone.Build.0 = Release|Any CPU
		{B16FC68E-AA71-491F-A1AD-7DB72851B9A6}.AppStore|iPhone.Deploy.0 = Release|Any CPU
		{B16FC68E-AA71-491F-A1AD-7DB72851B9A6}.AppStore|iPhoneSimulator.ActiveCfg = Release|Any CPU
		{B16FC68E-AA71-491F-A1AD-7DB72851B9A6}.AppStore|iPhoneSimulator.Build.0 = Release|Any CPU
		{B16FC68E-AA71-491F-A1AD-7DB72851B9A6}.AppStore|iPhoneSimulator.Deploy.0 = Release|Any CPU
		{B16FC68E-AA71-491F-A1AD-7DB72851B9A6}.Debug|Any CPU.ActiveCfg = Debug|Any CPU
		{B16FC68E-AA71-491F-A1AD-7DB72851B9A6}.Debug|Any CPU.Build.0 = Debug|Any CPU
		{B16FC68E-AA71-491F-A1AD-7DB72851B9A6}.Debug|Any CPU.Deploy.0 = Debug|Any CPU
		{B16FC68E-AA71-491F-A1AD-7DB72851B9A6}.Debug|iPhone.ActiveCfg = Debug|Any CPU
		{B16FC68E-AA71-491F-A1AD-7DB72851B9A6}.Debug|iPhone.Build.0 = Debug|Any CPU
		{B16FC68E-AA71-491F-A1AD-7DB72851B9A6}.Debug|iPhone.Deploy.0 = Debug|Any CPU
		{B16FC68E-AA71-491F-A1AD-7DB72851B9A6}.Debug|iPhoneSimulator.ActiveCfg = Debug|Any CPU
		{B16FC68E-AA71-491F-A1AD-7DB72851B9A6}.Debug|iPhoneSimulator.Build.0 = Debug|Any CPU
		{B16FC68E-AA71-491F-A1AD-7DB72851B9A6}.Debug|iPhoneSimulator.Deploy.0 = Debug|Any CPU
		{B16FC68E-AA71-491F-A1AD-7DB72851B9A6}.Release|Any CPU.ActiveCfg = Release|Any CPU
		{B16FC68E-AA71-491F-A1AD-7DB72851B9A6}.Release|Any CPU.Build.0 = Release|Any CPU
		{B16FC68E-AA71-491F-A1AD-7DB72851B9A6}.Release|Any CPU.Deploy.0 = Release|Any CPU
		{B16FC68E-AA71-491F-A1AD-7DB72851B9A6}.Release|iPhone.ActiveCfg = Release|Any CPU
		{B16FC68E-AA71-491F-A1AD-7DB72851B9A6}.Release|iPhone.Build.0 = Release|Any CPU
		{B16FC68E-AA71-491F-A1AD-7DB72851B9A6}.Release|iPhone.Deploy.0 = Release|Any CPU
		{B16FC68E-AA71-491F-A1AD-7DB72851B9A6}.Release|iPhoneSimulator.ActiveCfg = Release|Any CPU
		{B16FC68E-AA71-491F-A1AD-7DB72851B9A6}.Release|iPhoneSimulator.Build.0 = Release|Any CPU
		{B16FC68E-AA71-491F-A1AD-7DB72851B9A6}.Release|iPhoneSimulator.Deploy.0 = Release|Any CPU
		{8B58EFE6-1DDD-4BBF-894F-5EA060975070}.Ad-Hoc|Any CPU.ActiveCfg = Release|Any CPU
		{8B58EFE6-1DDD-4BBF-894F-5EA060975070}.Ad-Hoc|Any CPU.Build.0 = Release|Any CPU
		{8B58EFE6-1DDD-4BBF-894F-5EA060975070}.Ad-Hoc|iPhone.ActiveCfg = Release|Any CPU
		{8B58EFE6-1DDD-4BBF-894F-5EA060975070}.Ad-Hoc|iPhone.Build.0 = Release|Any CPU
		{8B58EFE6-1DDD-4BBF-894F-5EA060975070}.Ad-Hoc|iPhoneSimulator.ActiveCfg = Release|Any CPU
		{8B58EFE6-1DDD-4BBF-894F-5EA060975070}.Ad-Hoc|iPhoneSimulator.Build.0 = Release|Any CPU
		{8B58EFE6-1DDD-4BBF-894F-5EA060975070}.AppStore|Any CPU.ActiveCfg = Release|Any CPU
		{8B58EFE6-1DDD-4BBF-894F-5EA060975070}.AppStore|Any CPU.Build.0 = Release|Any CPU
		{8B58EFE6-1DDD-4BBF-894F-5EA060975070}.AppStore|iPhone.ActiveCfg = Release|Any CPU
		{8B58EFE6-1DDD-4BBF-894F-5EA060975070}.AppStore|iPhone.Build.0 = Release|Any CPU
		{8B58EFE6-1DDD-4BBF-894F-5EA060975070}.AppStore|iPhoneSimulator.ActiveCfg = Release|Any CPU
		{8B58EFE6-1DDD-4BBF-894F-5EA060975070}.AppStore|iPhoneSimulator.Build.0 = Release|Any CPU
		{8B58EFE6-1DDD-4BBF-894F-5EA060975070}.Debug|Any CPU.ActiveCfg = Debug|Any CPU
		{8B58EFE6-1DDD-4BBF-894F-5EA060975070}.Debug|Any CPU.Build.0 = Debug|Any CPU
		{8B58EFE6-1DDD-4BBF-894F-5EA060975070}.Debug|iPhone.ActiveCfg = Debug|Any CPU
		{8B58EFE6-1DDD-4BBF-894F-5EA060975070}.Debug|iPhone.Build.0 = Debug|Any CPU
		{8B58EFE6-1DDD-4BBF-894F-5EA060975070}.Debug|iPhoneSimulator.ActiveCfg = Debug|Any CPU
		{8B58EFE6-1DDD-4BBF-894F-5EA060975070}.Debug|iPhoneSimulator.Build.0 = Debug|Any CPU
		{8B58EFE6-1DDD-4BBF-894F-5EA060975070}.Release|Any CPU.ActiveCfg = Release|Any CPU
		{8B58EFE6-1DDD-4BBF-894F-5EA060975070}.Release|Any CPU.Build.0 = Release|Any CPU
		{8B58EFE6-1DDD-4BBF-894F-5EA060975070}.Release|iPhone.ActiveCfg = Release|Any CPU
		{8B58EFE6-1DDD-4BBF-894F-5EA060975070}.Release|iPhone.Build.0 = Release|Any CPU
		{8B58EFE6-1DDD-4BBF-894F-5EA060975070}.Release|iPhoneSimulator.ActiveCfg = Release|Any CPU
		{8B58EFE6-1DDD-4BBF-894F-5EA060975070}.Release|iPhoneSimulator.Build.0 = Release|Any CPU
		{5363748B-2DB8-45D3-8063-08A2121984B6}.Ad-Hoc|Any CPU.ActiveCfg = Ad-Hoc|iPhoneSimulator
		{5363748B-2DB8-45D3-8063-08A2121984B6}.Ad-Hoc|iPhone.ActiveCfg = Ad-Hoc|iPhone
		{5363748B-2DB8-45D3-8063-08A2121984B6}.Ad-Hoc|iPhone.Build.0 = Ad-Hoc|iPhone
		{5363748B-2DB8-45D3-8063-08A2121984B6}.Ad-Hoc|iPhoneSimulator.ActiveCfg = Ad-Hoc|iPhoneSimulator
		{5363748B-2DB8-45D3-8063-08A2121984B6}.Ad-Hoc|iPhoneSimulator.Build.0 = Ad-Hoc|iPhoneSimulator
		{5363748B-2DB8-45D3-8063-08A2121984B6}.AppStore|Any CPU.ActiveCfg = AppStore|iPhoneSimulator
		{5363748B-2DB8-45D3-8063-08A2121984B6}.AppStore|iPhone.ActiveCfg = AppStore|iPhone
		{5363748B-2DB8-45D3-8063-08A2121984B6}.AppStore|iPhone.Build.0 = AppStore|iPhone
		{5363748B-2DB8-45D3-8063-08A2121984B6}.AppStore|iPhoneSimulator.ActiveCfg = AppStore|iPhoneSimulator
		{5363748B-2DB8-45D3-8063-08A2121984B6}.AppStore|iPhoneSimulator.Build.0 = AppStore|iPhoneSimulator
		{5363748B-2DB8-45D3-8063-08A2121984B6}.Debug|Any CPU.ActiveCfg = Debug|iPhoneSimulator
		{5363748B-2DB8-45D3-8063-08A2121984B6}.Debug|iPhone.ActiveCfg = Debug|iPhone
		{5363748B-2DB8-45D3-8063-08A2121984B6}.Debug|iPhone.Build.0 = Debug|iPhone
		{5363748B-2DB8-45D3-8063-08A2121984B6}.Debug|iPhoneSimulator.ActiveCfg = Debug|iPhoneSimulator
		{5363748B-2DB8-45D3-8063-08A2121984B6}.Debug|iPhoneSimulator.Build.0 = Debug|iPhoneSimulator
		{5363748B-2DB8-45D3-8063-08A2121984B6}.Release|Any CPU.ActiveCfg = Release|iPhoneSimulator
		{5363748B-2DB8-45D3-8063-08A2121984B6}.Release|iPhone.ActiveCfg = Release|iPhone
		{5363748B-2DB8-45D3-8063-08A2121984B6}.Release|iPhone.Build.0 = Release|iPhone
		{5363748B-2DB8-45D3-8063-08A2121984B6}.Release|iPhoneSimulator.ActiveCfg = Release|iPhoneSimulator
		{5363748B-2DB8-45D3-8063-08A2121984B6}.Release|iPhoneSimulator.Build.0 = Release|iPhoneSimulator
	EndGlobalSection
	GlobalSection(SolutionProperties) = preSolution
		HideSolutionNode = FALSE
	EndGlobalSection
	GlobalSection(ExtensibilityGlobals) = postSolution
		SolutionGuid = {E0B2E28A-850A-4C92-9DBD-BA29FFEAB1FA}
	EndGlobalSection
EndGlobal
